
Microsoft Visual Studio Solution File, Format Version 12.00
Project("{FAE04EC0-301F-11D3-BF4B-00C04F79EFBC}") = "Client", "Client\Client.csproj", "{46CB2945-F2EF-4945-A41D-A0EE5D257E7C}"
EndProject
Project("{FAE04EC0-301F-11D3-BF4B-00C04F79EFBC}") = "Server", "Server\Server.csproj", "{9CEAC940-F52B-4143-86CF-596A4274ECD0}"
EndProject
Global
	GlobalSection(SolutionConfigurationPlatforms) = preSolution
		Debug|Any CPU = Debug|Any CPU
		Release|Any CPU = Release|Any CPU
	EndGlobalSection
	GlobalSection(ProjectConfigurationPlatforms) = postSolution
		{46CB2945-F2EF-4945-A41D-A0EE5D257E7C}.Debug|Any CPU.ActiveCfg = Debug|Any CPU
		{46CB2945-F2EF-4945-A41D-A0EE5D257E7C}.Debug|Any CPU.Build.0 = Debug|Any CPU
		{46CB2945-F2EF-4945-A41D-A0EE5D257E7C}.Release|Any CPU.ActiveCfg = Release|Any CPU
		{46CB2945-F2EF-4945-A41D-A0EE5D257E7C}.Release|Any CPU.Build.0 = Release|Any CPU
		{9CEAC940-F52B-4143-86CF-596A4274ECD0}.Debug|Any CPU.ActiveCfg = Debug|Any CPU
		{9CEAC940-F52B-4143-86CF-596A4274ECD0}.Debug|Any CPU.Build.0 = Debug|Any CPU
		{9CEAC940-F52B-4143-86CF-596A4274ECD0}.Release|Any CPU.ActiveCfg = Release|Any CPU
		{9CEAC940-F52B-4143-86CF-596A4274ECD0}.Release|Any CPU.Build.0 = Release|Any CPU
	EndGlobalSection
EndGlobal
