
Microsoft Visual Studio Solution File, Format Version 12.00
# Visual Studio Version 17
VisualStudioVersion = 17.5.002.0
MinimumVisualStudioVersion = 10.0.40219.1
Project("{9A19103F-16F7-4668-BE54-9A1E7A4F7556}") = "WebApplication1", "WebApplication1\WebApplication1.csproj", "{8E69FA1C-16B8-4605-BB82-3A26E7EDFA22}"
EndProject
Global
	GlobalSection(SolutionConfigurationPlatforms) = preSolution
		Debug|Any CPU = Debug|Any CPU
		Release|Any CPU = Release|Any CPU
	EndGlobalSection
	GlobalSection(ProjectConfigurationPlatforms) = postSolution
		{8E69FA1C-16B8-4605-BB82-3A26E7EDFA22}.Debug|Any CPU.ActiveCfg = Debug|Any CPU
		{8E69FA1C-16B8-4605-BB82-3A26E7EDFA22}.Debug|Any CPU.Build.0 = Debug|Any CPU
		{8E69FA1C-16B8-4605-BB82-3A26E7EDFA22}.Release|Any CPU.ActiveCfg = Release|Any CPU
		{8E69FA1C-16B8-4605-BB82-3A26E7EDFA22}.Release|Any CPU.Build.0 = Release|Any CPU
	EndGlobalSection
	GlobalSection(SolutionProperties) = preSolution
		HideSolutionNode = FALSE
	EndGlobalSection
	GlobalSection(ExtensibilityGlobals) = postSolution
		SolutionGuid = {EB56875E-5877-4312-877F-669BAF520343}
	EndGlobalSection
EndGlobal
